
Microsoft Visual Studio Solution File, Format Version 12.00
# Visual Studio 15
VisualStudioVersion = 15.0.28107.0
MinimumVisualStudioVersion = 10.0.40219.1
Project("{FAE04EC0-301F-11D3-BF4B-00C04F79EFBC}") = "CarsApi", "CarsApi\CarsApi.csproj", "{AC4710E3-DBBE-40F6-BBCA-06AD737033CC}"
EndProject
Project("{9A19103F-16F7-4668-BE54-9A1E7A4F7556}") = "CarsClient", "..\..\..\Desktop\CarsApi\CarsClient\CarsClient.csproj", "{614922C6-B012-4053-95C6-D57F3145496F}"
EndProject
Project("{FAE04EC0-301F-11D3-BF4B-00C04F79EFBC}") = "CarsApp", "CarsApp\CarsApp.csproj", "{AB6B5EEB-892F-47DA-8E36-E807064B0F2B}"
EndProject
Global
	GlobalSection(SolutionConfigurationPlatforms) = preSolution
		Debug|Any CPU = Debug|Any CPU
		Release|Any CPU = Release|Any CPU
	EndGlobalSection
	GlobalSection(ProjectConfigurationPlatforms) = postSolution
		{AC4710E3-DBBE-40F6-BBCA-06AD737033CC}.Debug|Any CPU.ActiveCfg = Debug|Any CPU
		{AC4710E3-DBBE-40F6-BBCA-06AD737033CC}.Debug|Any CPU.Build.0 = Debug|Any CPU
		{AC4710E3-DBBE-40F6-BBCA-06AD737033CC}.Release|Any CPU.ActiveCfg = Release|Any CPU
		{AC4710E3-DBBE-40F6-BBCA-06AD737033CC}.Release|Any CPU.Build.0 = Release|Any CPU
		{614922C6-B012-4053-95C6-D57F3145496F}.Debug|Any CPU.ActiveCfg = Debug|Any CPU
		{614922C6-B012-4053-95C6-D57F3145496F}.Debug|Any CPU.Build.0 = Debug|Any CPU
		{614922C6-B012-4053-95C6-D57F3145496F}.Release|Any CPU.ActiveCfg = Release|Any CPU
		{614922C6-B012-4053-95C6-D57F3145496F}.Release|Any CPU.Build.0 = Release|Any CPU
		{AB6B5EEB-892F-47DA-8E36-E807064B0F2B}.Debug|Any CPU.ActiveCfg = Debug|Any CPU
		{AB6B5EEB-892F-47DA-8E36-E807064B0F2B}.Debug|Any CPU.Build.0 = Debug|Any CPU
		{AB6B5EEB-892F-47DA-8E36-E807064B0F2B}.Release|Any CPU.ActiveCfg = Release|Any CPU
		{AB6B5EEB-892F-47DA-8E36-E807064B0F2B}.Release|Any CPU.Build.0 = Release|Any CPU
	EndGlobalSection
	GlobalSection(SolutionProperties) = preSolution
		HideSolutionNode = FALSE
	EndGlobalSection
	GlobalSection(ExtensibilityGlobals) = postSolution
		SolutionGuid = {B488C69E-6542-42A0-9404-603D0066B318}
	EndGlobalSection
EndGlobal
